// !$*UTF8*$!
{
	archiveVersion = 1;
	classes = {
	};
	objectVersion = 46;
	objects = {

/* Begin PBXBuildFile section */
		935ECB101C0D4AAF00C177FC /* main.m in Sources */ = {isa = PBXBuildFile; fileRef = 935ECB0F1C0D4AAF00C177FC /* main.m */; };
		935ECB131C0D4AAF00C177FC /* AppDelegate.m in Sources */ = {isa = PBXBuildFile; fileRef = 935ECB121C0D4AAF00C177FC /* AppDelegate.m */; };
		935ECB191C0D4AAF00C177FC /* Main.storyboard in Resources */ = {isa = PBXBuildFile; fileRef = 935ECB171C0D4AAF00C177FC /* Main.storyboard */; };
		935ECB1B1C0D4AAF00C177FC /* Assets.xcassets in Resources */ = {isa = PBXBuildFile; fileRef = 935ECB1A1C0D4AAF00C177FC /* Assets.xcassets */; };
		935ECB1E1C0D4AAF00C177FC /* LaunchScreen.storyboard in Resources */ = {isa = PBXBuildFile; fileRef = 935ECB1C1C0D4AAF00C177FC /* LaunchScreen.storyboard */; };
		935ECB291C0D4AAF00C177FC /* PotStoresTests.m in Sources */ = {isa = PBXBuildFile; fileRef = 935ECB281C0D4AAF00C177FC /* PotStoresTests.m */; };
		935ECB341C0D4AAF00C177FC /* PotStoresUITests.m in Sources */ = {isa = PBXBuildFile; fileRef = 935ECB331C0D4AAF00C177FC /* PotStoresUITests.m */; };
		935ECB431C0E633D00C177FC /* StoreTableViewController.m in Sources */ = {isa = PBXBuildFile; fileRef = 935ECB421C0E633D00C177FC /* StoreTableViewController.m */; };
		935ECB461C0E638000C177FC /* DetailViewController.m in Sources */ = {isa = PBXBuildFile; fileRef = 935ECB451C0E638000C177FC /* DetailViewController.m */; };
		935ECB491C0E63AD00C177FC /* Store.m in Sources */ = {isa = PBXBuildFile; fileRef = 935ECB481C0E63AD00C177FC /* Store.m */; };
		985CE68057DE3362F56F2DAC /* libPods.a in Frameworks */ = {isa = PBXBuildFile; fileRef = 5D2B49F0C88AED2BB88D7B47 /* libPods.a */; };
/* End PBXBuildFile section */

/* Begin PBXContainerItemProxy section */
		935ECB251C0D4AAF00C177FC /* PBXContainerItemProxy */ = {
			isa = PBXContainerItemProxy;
			containerPortal = 935ECB031C0D4AAE00C177FC /* Project object */;
			proxyType = 1;
			remoteGlobalIDString = 935ECB0A1C0D4AAF00C177FC;
			remoteInfo = PotStores;
		};
		935ECB301C0D4AAF00C177FC /* PBXContainerItemProxy */ = {
			isa = PBXContainerItemProxy;
			containerPortal = 935ECB031C0D4AAE00C177FC /* Project object */;
			proxyType = 1;
			remoteGlobalIDString = 935ECB0A1C0D4AAF00C177FC;
			remoteInfo = PotStores;
		};
/* End PBXContainerItemProxy section */

/* Begin PBXFileReference section */
		5D2B49F0C88AED2BB88D7B47 /* libPods.a */ = {isa = PBXFileReference; explicitFileType = archive.ar; includeInIndex = 0; path = libPods.a; sourceTree = BUILT_PRODUCTS_DIR; };
		935ECB0B1C0D4AAF00C177FC /* PotStores.app */ = {isa = PBXFileReference; explicitFileType = wrapper.application; includeInIndex = 0; path = PotStores.app; sourceTree = BUILT_PRODUCTS_DIR; };
		935ECB0F1C0D4AAF00C177FC /* main.m */ = {isa = PBXFileReference; lastKnownFileType = sourcecode.c.objc; path = main.m; sourceTree = "<group>"; };
		935ECB111C0D4AAF00C177FC /* AppDelegate.h */ = {isa = PBXFileReference; lastKnownFileType = sourcecode.c.h; path = AppDelegate.h; sourceTree = "<group>"; };
		935ECB121C0D4AAF00C177FC /* AppDelegate.m */ = {isa = PBXFileReference; lastKnownFileType = sourcecode.c.objc; path = AppDelegate.m; sourceTree = "<group>"; };
		935ECB181C0D4AAF00C177FC /* Base */ = {isa = PBXFileReference; lastKnownFileType = file.storyboard; name = Base; path = Base.lproj/Main.storyboard; sourceTree = "<group>"; };
		935ECB1A1C0D4AAF00C177FC /* Assets.xcassets */ = {isa = PBXFileReference; lastKnownFileType = folder.assetcatalog; path = Assets.xcassets; sourceTree = "<group>"; };
		935ECB1D1C0D4AAF00C177FC /* Base */ = {isa = PBXFileReference; lastKnownFileType = file.storyboard; name = Base; path = Base.lproj/LaunchScreen.storyboard; sourceTree = "<group>"; };
		935ECB1F1C0D4AAF00C177FC /* Info.plist */ = {isa = PBXFileReference; lastKnownFileType = text.plist.xml; path = Info.plist; sourceTree = "<group>"; };
		935ECB241C0D4AAF00C177FC /* PotStoresTests.xctest */ = {isa = PBXFileReference; explicitFileType = wrapper.cfbundle; includeInIndex = 0; path = PotStoresTests.xctest; sourceTree = BUILT_PRODUCTS_DIR; };
		935ECB281C0D4AAF00C177FC /* PotStoresTests.m */ = {isa = PBXFileReference; lastKnownFileType = sourcecode.c.objc; path = PotStoresTests.m; sourceTree = "<group>"; };
		935ECB2A1C0D4AAF00C177FC /* Info.plist */ = {isa = PBXFileReference; lastKnownFileType = text.plist.xml; path = Info.plist; sourceTree = "<group>"; };
		935ECB2F1C0D4AAF00C177FC /* PotStoresUITests.xctest */ = {isa = PBXFileReference; explicitFileType = wrapper.cfbundle; includeInIndex = 0; path = PotStoresUITests.xctest; sourceTree = BUILT_PRODUCTS_DIR; };
		935ECB331C0D4AAF00C177FC /* PotStoresUITests.m */ = {isa = PBXFileReference; lastKnownFileType = sourcecode.c.objc; path = PotStoresUITests.m; sourceTree = "<group>"; };
		935ECB351C0D4AAF00C177FC /* Info.plist */ = {isa = PBXFileReference; lastKnownFileType = text.plist.xml; path = Info.plist; sourceTree = "<group>"; };
		935ECB411C0E633D00C177FC /* StoreTableViewController.h */ = {isa = PBXFileReference; fileEncoding = 4; lastKnownFileType = sourcecode.c.h; path = StoreTableViewController.h; sourceTree = "<group>"; };
		935ECB421C0E633D00C177FC /* StoreTableViewController.m */ = {isa = PBXFileReference; fileEncoding = 4; lastKnownFileType = sourcecode.c.objc; path = StoreTableViewController.m; sourceTree = "<group>"; };
		935ECB441C0E638000C177FC /* DetailViewController.h */ = {isa = PBXFileReference; fileEncoding = 4; lastKnownFileType = sourcecode.c.h; path = DetailViewController.h; sourceTree = "<group>"; };
		935ECB451C0E638000C177FC /* DetailViewController.m */ = {isa = PBXFileReference; fileEncoding = 4; lastKnownFileType = sourcecode.c.objc; path = DetailViewController.m; sourceTree = "<group>"; };
		935ECB471C0E63AD00C177FC /* Store.h */ = {isa = PBXFileReference; fileEncoding = 4; lastKnownFileType = sourcecode.c.h; path = Store.h; sourceTree = "<group>"; };
		935ECB481C0E63AD00C177FC /* Store.m */ = {isa = PBXFileReference; fileEncoding = 4; lastKnownFileType = sourcecode.c.objc; path = Store.m; sourceTree = "<group>"; };
		CCFC7FFC655166E9B70426C3 /* Pods.debug.xcconfig */ = {isa = PBXFileReference; includeInIndex = 1; lastKnownFileType = text.xcconfig; name = Pods.debug.xcconfig; path = "Pods/Target Support Files/Pods/Pods.debug.xcconfig"; sourceTree = "<group>"; };
		ECF27BC09B5524449F68B885 /* Pods.release.xcconfig */ = {isa = PBXFileReference; includeInIndex = 1; lastKnownFileType = text.xcconfig; name = Pods.release.xcconfig; path = "Pods/Target Support Files/Pods/Pods.release.xcconfig"; sourceTree = "<group>"; };
/* End PBXFileReference section */

/* Begin PBXFrameworksBuildPhase section */
		935ECB081C0D4AAF00C177FC /* Frameworks */ = {
			isa = PBXFrameworksBuildPhase;
			buildActionMask = 2147483647;
			files = (
				985CE68057DE3362F56F2DAC /* libPods.a in Frameworks */,
			);
			runOnlyForDeploymentPostprocessing = 0;
		};
		935ECB211C0D4AAF00C177FC /* Frameworks */ = {
			isa = PBXFrameworksBuildPhase;
			buildActionMask = 2147483647;
			files = (
			);
			runOnlyForDeploymentPostprocessing = 0;
		};
		935ECB2C1C0D4AAF00C177FC /* Frameworks */ = {
			isa = PBXFrameworksBuildPhase;
			buildActionMask = 2147483647;
			files = (
			);
			runOnlyForDeploymentPostprocessing = 0;
		};
/* End PBXFrameworksBuildPhase section */

/* Begin PBXGroup section */
		412E4C9F0907405B044394AE /* Frameworks */ = {
			isa = PBXGroup;
			children = (
				5D2B49F0C88AED2BB88D7B47 /* libPods.a */,
			);
			name = Frameworks;
			sourceTree = "<group>";
		};
		8281D18C250E8B3C0553AF93 /* Pods */ = {
			isa = PBXGroup;
			children = (
				CCFC7FFC655166E9B70426C3 /* Pods.debug.xcconfig */,
				ECF27BC09B5524449F68B885 /* Pods.release.xcconfig */,
			);
			name = Pods;
			sourceTree = "<group>";
		};
		935ECB021C0D4AAE00C177FC = {
			isa = PBXGroup;
			children = (
				935ECB0D1C0D4AAF00C177FC /* PotStores */,
				935ECB271C0D4AAF00C177FC /* PotStoresTests */,
				935ECB321C0D4AAF00C177FC /* PotStoresUITests */,
				935ECB0C1C0D4AAF00C177FC /* Products */,
				8281D18C250E8B3C0553AF93 /* Pods */,
				412E4C9F0907405B044394AE /* Frameworks */,
			);
			sourceTree = "<group>";
		};
		935ECB0C1C0D4AAF00C177FC /* Products */ = {
			isa = PBXGroup;
			children = (
				935ECB0B1C0D4AAF00C177FC /* PotStores.app */,
				935ECB241C0D4AAF00C177FC /* PotStoresTests.xctest */,
				935ECB2F1C0D4AAF00C177FC /* PotStoresUITests.xctest */,
			);
			name = Products;
			sourceTree = "<group>";
		};
		935ECB0D1C0D4AAF00C177FC /* PotStores */ = {
			isa = PBXGroup;
			children = (
				935ECB111C0D4AAF00C177FC /* AppDelegate.h */,
				935ECB121C0D4AAF00C177FC /* AppDelegate.m */,
				935ECB471C0E63AD00C177FC /* Store.h */,
				935ECB481C0E63AD00C177FC /* Store.m */,
				935ECB411C0E633D00C177FC /* StoreTableViewController.h */,
				935ECB421C0E633D00C177FC /* StoreTableViewController.m */,
				935ECB441C0E638000C177FC /* DetailViewController.h */,
				935ECB451C0E638000C177FC /* DetailViewController.m */,
				935ECB171C0D4AAF00C177FC /* Main.storyboard */,
				935ECB1A1C0D4AAF00C177FC /* Assets.xcassets */,
				935ECB1C1C0D4AAF00C177FC /* LaunchScreen.storyboard */,
				935ECB1F1C0D4AAF00C177FC /* Info.plist */,
				935ECB0E1C0D4AAF00C177FC /* Supporting Files */,
			);
			path = PotStores;
			sourceTree = "<group>";
		};
		935ECB0E1C0D4AAF00C177FC /* Supporting Files */ = {
			isa = PBXGroup;
			children = (
				935ECB0F1C0D4AAF00C177FC /* main.m */,
			);
			name = "Supporting Files";
			sourceTree = "<group>";
		};
		935ECB271C0D4AAF00C177FC /* PotStoresTests */ = {
			isa = PBXGroup;
			children = (
				935ECB281C0D4AAF00C177FC /* PotStoresTests.m */,
				935ECB2A1C0D4AAF00C177FC /* Info.plist */,
			);
			path = PotStoresTests;
			sourceTree = "<group>";
		};
		935ECB321C0D4AAF00C177FC /* PotStoresUITests */ = {
			isa = PBXGroup;
			children = (
				935ECB331C0D4AAF00C177FC /* PotStoresUITests.m */,
				935ECB351C0D4AAF00C177FC /* Info.plist */,
			);
			path = PotStoresUITests;
			sourceTree = "<group>";
		};
/* End PBXGroup section */

/* Begin PBXNativeTarget section */
		935ECB0A1C0D4AAF00C177FC /* PotStores */ = {
			isa = PBXNativeTarget;
			buildConfigurationList = 935ECB381C0D4AAF00C177FC /* Build configuration list for PBXNativeTarget "PotStores" */;
			buildPhases = (
				AD329E222177FFD2D56BEEF6 /* Check Pods Manifest.lock */,
				935ECB071C0D4AAF00C177FC /* Sources */,
				935ECB081C0D4AAF00C177FC /* Frameworks */,
				935ECB091C0D4AAF00C177FC /* Resources */,
				2F649A8582464719B5434CC5 /* Embed Pods Frameworks */,
				D157AF537ACA19A5B79E688E /* Copy Pods Resources */,
			);
			buildRules = (
			);
			dependencies = (
			);
			name = PotStores;
			productName = PotStores;
			productReference = 935ECB0B1C0D4AAF00C177FC /* PotStores.app */;
			productType = "com.apple.product-type.application";
		};
		935ECB231C0D4AAF00C177FC /* PotStoresTests */ = {
			isa = PBXNativeTarget;
			buildConfigurationList = 935ECB3B1C0D4AAF00C177FC /* Build configuration list for PBXNativeTarget "PotStoresTests" */;
			buildPhases = (
				935ECB201C0D4AAF00C177FC /* Sources */,
				935ECB211C0D4AAF00C177FC /* Frameworks */,
				935ECB221C0D4AAF00C177FC /* Resources */,
			);
			buildRules = (
			);
			dependencies = (
				935ECB261C0D4AAF00C177FC /* PBXTargetDependency */,
			);
			name = PotStoresTests;
			productName = PotStoresTests;
			productReference = 935ECB241C0D4AAF00C177FC /* PotStoresTests.xctest */;
			productType = "com.apple.product-type.bundle.unit-test";
		};
		935ECB2E1C0D4AAF00C177FC /* PotStoresUITests */ = {
			isa = PBXNativeTarget;
			buildConfigurationList = 935ECB3E1C0D4AAF00C177FC /* Build configuration list for PBXNativeTarget "PotStoresUITests" */;
			buildPhases = (
				935ECB2B1C0D4AAF00C177FC /* Sources */,
				935ECB2C1C0D4AAF00C177FC /* Frameworks */,
				935ECB2D1C0D4AAF00C177FC /* Resources */,
			);
			buildRules = (
			);
			dependencies = (
				935ECB311C0D4AAF00C177FC /* PBXTargetDependency */,
			);
			name = PotStoresUITests;
			productName = PotStoresUITests;
			productReference = 935ECB2F1C0D4AAF00C177FC /* PotStoresUITests.xctest */;
			productType = "com.apple.product-type.bundle.ui-testing";
		};
/* End PBXNativeTarget section */

/* Begin PBXProject section */
		935ECB031C0D4AAE00C177FC /* Project object */ = {
			isa = PBXProject;
			attributes = {
				LastUpgradeCheck = 0710;
				ORGANIZATIONNAME = "Benson Huynh";
				TargetAttributes = {
					935ECB0A1C0D4AAF00C177FC = {
						CreatedOnToolsVersion = 7.1.1;
						DevelopmentTeam = Q4XP3UEQ6Q;
					};
					935ECB231C0D4AAF00C177FC = {
						CreatedOnToolsVersion = 7.1.1;
						DevelopmentTeam = Q4XP3UEQ6Q;
						TestTargetID = 935ECB0A1C0D4AAF00C177FC;
					};
					935ECB2E1C0D4AAF00C177FC = {
						CreatedOnToolsVersion = 7.1.1;
						DevelopmentTeam = Q4XP3UEQ6Q;
						TestTargetID = 935ECB0A1C0D4AAF00C177FC;
					};
				};
			};
			buildConfigurationList = 935ECB061C0D4AAE00C177FC /* Build configuration list for PBXProject "PotStores" */;
			compatibilityVersion = "Xcode 3.2";
			developmentRegion = English;
			hasScannedForEncodings = 0;
			knownRegions = (
				en,
				Base,
			);
			mainGroup = 935ECB021C0D4AAE00C177FC;
			productRefGroup = 935ECB0C1C0D4AAF00C177FC /* Products */;
			projectDirPath = "";
			projectRoot = "";
			targets = (
				935ECB0A1C0D4AAF00C177FC /* PotStores */,
				935ECB231C0D4AAF00C177FC /* PotStoresTests */,
				935ECB2E1C0D4AAF00C177FC /* PotStoresUITests */,
			);
		};
/* End PBXProject section */

/* Begin PBXResourcesBuildPhase section */
		935ECB091C0D4AAF00C177FC /* Resources */ = {
			isa = PBXResourcesBuildPhase;
			buildActionMask = 2147483647;
			files = (
				935ECB1E1C0D4AAF00C177FC /* LaunchScreen.storyboard in Resources */,
				935ECB1B1C0D4AAF00C177FC /* Assets.xcassets in Resources */,
				935ECB191C0D4AAF00C177FC /* Main.storyboard in Resources */,
			);
			runOnlyForDeploymentPostprocessing = 0;
		};
		935ECB221C0D4AAF00C177FC /* Resources */ = {
			isa = PBXResourcesBuildPhase;
			buildActionMask = 2147483647;
			files = (
			);
			runOnlyForDeploymentPostprocessing = 0;
		};
		935ECB2D1C0D4AAF00C177FC /* Resources */ = {
			isa = PBXResourcesBuildPhase;
			buildActionMask = 2147483647;
			files = (
			);
			runOnlyForDeploymentPostprocessing = 0;
		};
/* End PBXResourcesBuildPhase section */

/* Begin PBXShellScriptBuildPhase section */
		2F649A8582464719B5434CC5 /* Embed Pods Frameworks */ = {
			isa = PBXShellScriptBuildPhase;
			buildActionMask = 2147483647;
			files = (
			);
			inputPaths = (
			);
			name = "Embed Pods Frameworks";
			outputPaths = (
			);
			runOnlyForDeploymentPostprocessing = 0;
			shellPath = /bin/sh;
			shellScript = "\"${SRCROOT}/Pods/Target Support Files/Pods/Pods-frameworks.sh\"\n";
			showEnvVarsInLog = 0;
		};
		AD329E222177FFD2D56BEEF6 /* Check Pods Manifest.lock */ = {
			isa = PBXShellScriptBuildPhase;
			buildActionMask = 2147483647;
			files = (
			);
			inputPaths = (
			);
			name = "Check Pods Manifest.lock";
			outputPaths = (
			);
			runOnlyForDeploymentPostprocessing = 0;
			shellPath = /bin/sh;
			shellScript = "diff \"${PODS_ROOT}/../Podfile.lock\" \"${PODS_ROOT}/Manifest.lock\" > /dev/null\nif [[ $? != 0 ]] ; then\n    cat << EOM\nerror: The sandbox is not in sync with the Podfile.lock. Run 'pod install' or update your CocoaPods installation.\nEOM\n    exit 1\nfi\n";
			showEnvVarsInLog = 0;
		};
		D157AF537ACA19A5B79E688E /* Copy Pods Resources */ = {
			isa = PBXShellScriptBuildPhase;
			buildActionMask = 2147483647;
			files = (
			);
			inputPaths = (
			);
			name = "Copy Pods Resources";
			outputPaths = (
			);
			runOnlyForDeploymentPostprocessing = 0;
			shellPath = /bin/sh;
			shellScript = "\"${SRCROOT}/Pods/Target Support Files/Pods/Pods-resources.sh\"\n";
			showEnvVarsInLog = 0;
		};
/* End PBXShellScriptBuildPhase section */

/* Begin PBXSourcesBuildPhase section */
		935ECB071C0D4AAF00C177FC /* Sources */ = {
			isa = PBXSourcesBuildPhase;
			buildActionMask = 2147483647;
			files = (
				935ECB131C0D4AAF00C177FC /* AppDelegate.m in Sources */,
				935ECB101C0D4AAF00C177FC /* main.m in Sources */,
				935ECB431C0E633D00C177FC /* StoreTableViewController.m in Sources */,
				935ECB491C0E63AD00C177FC /* Store.m in Sources */,
				935ECB461C0E638000C177FC /* DetailViewController.m in Sources */,
			);
			runOnlyForDeploymentPostprocessing = 0;
		};
		935ECB201C0D4AAF00C177FC /* Sources */ = {
			isa = PBXSourcesBuildPhase;
			buildActionMask = 2147483647;
			files = (
				935ECB291C0D4AAF00C177FC /* PotStoresTests.m in Sources */,
			);
			runOnlyForDeploymentPostprocessing = 0;
		};
		935ECB2B1C0D4AAF00C177FC /* Sources */ = {
			isa = PBXSourcesBuildPhase;
			buildActionMask = 2147483647;
			files = (
				935ECB341C0D4AAF00C177FC /* PotStoresUITests.m in Sources */,
			);
			runOnlyForDeploymentPostprocessing = 0;
		};
/* End PBXSourcesBuildPhase section */

/* Begin PBXTargetDependency section */
		935ECB261C0D4AAF00C177FC /* PBXTargetDependency */ = {
			isa = PBXTargetDependency;
			target = 935ECB0A1C0D4AAF00C177FC /* PotStores */;
			targetProxy = 935ECB251C0D4AAF00C177FC /* PBXContainerItemProxy */;
		};
		935ECB311C0D4AAF00C177FC /* PBXTargetDependency */ = {
			isa = PBXTargetDependency;
			target = 935ECB0A1C0D4AAF00C177FC /* PotStores */;
			targetProxy = 935ECB301C0D4AAF00C177FC /* PBXContainerItemProxy */;
		};
/* End PBXTargetDependency section */

/* Begin PBXVariantGroup section */
		935ECB171C0D4AAF00C177FC /* Main.storyboard */ = {
			isa = PBXVariantGroup;
			children = (
				935ECB181C0D4AAF00C177FC /* Base */,
			);
			name = Main.storyboard;
			sourceTree = "<group>";
		};
		935ECB1C1C0D4AAF00C177FC /* LaunchScreen.storyboard */ = {
			isa = PBXVariantGroup;
			children = (
				935ECB1D1C0D4AAF00C177FC /* Base */,
			);
			name = LaunchScreen.storyboard;
			sourceTree = "<group>";
		};
/* End PBXVariantGroup section */

/* Begin XCBuildConfiguration section */
		935ECB361C0D4AAF00C177FC /* Debug */ = {
			isa = XCBuildConfiguration;
			buildSettings = {
				ALWAYS_SEARCH_USER_PATHS = NO;
				CLANG_CXX_LANGUAGE_STANDARD = "gnu++0x";
				CLANG_CXX_LIBRARY = "libc++";
				CLANG_ENABLE_MODULES = YES;
				CLANG_ENABLE_OBJC_ARC = YES;
				CLANG_WARN_BOOL_CONVERSION = YES;
				CLANG_WARN_CONSTANT_CONVERSION = YES;
				CLANG_WARN_DIRECT_OBJC_ISA_USAGE = YES_ERROR;
				CLANG_WARN_EMPTY_BODY = YES;
				CLANG_WARN_ENUM_CONVERSION = YES;
				CLANG_WARN_INT_CONVERSION = YES;
				CLANG_WARN_OBJC_ROOT_CLASS = YES_ERROR;
				CLANG_WARN_UNREACHABLE_CODE = YES;
				CLANG_WARN__DUPLICATE_METHOD_MATCH = YES;
				"CODE_SIGN_IDENTITY[sdk=iphoneos*]" = "iPhone Developer";
				COPY_PHASE_STRIP = NO;
				DEBUG_INFORMATION_FORMAT = dwarf;
				ENABLE_STRICT_OBJC_MSGSEND = YES;
				ENABLE_TESTABILITY = YES;
				GCC_C_LANGUAGE_STANDARD = gnu99;
				GCC_DYNAMIC_NO_PIC = NO;
				GCC_NO_COMMON_BLOCKS = YES;
				GCC_OPTIMIZATION_LEVEL = 0;
				GCC_PREPROCESSOR_DEFINITIONS = (
					"DEBUG=1",
					"$(inherited)",
				);
				GCC_WARN_64_TO_32_BIT_CONVERSION = YES;
				GCC_WARN_ABOUT_RETURN_TYPE = YES_ERROR;
				GCC_WARN_UNDECLARED_SELECTOR = YES;
				GCC_WARN_UNINITIALIZED_AUTOS = YES_AGGRESSIVE;
				GCC_WARN_UNUSED_FUNCTION = YES;
				GCC_WARN_UNUSED_VARIABLE = YES;
				IPHONEOS_DEPLOYMENT_TARGET = 9.1;
				MTL_ENABLE_DEBUG_INFO = YES;
				ONLY_ACTIVE_ARCH = YES;
				SDKROOT = iphoneos;
			};
			name = Debug;
		};
		935ECB371C0D4AAF00C177FC /* Release */ = {
			isa = XCBuildConfiguration;
			buildSettings = {
				ALWAYS_SEARCH_USER_PATHS = NO;
				CLANG_CXX_LANGUAGE_STANDARD = "gnu++0x";
				CLANG_CXX_LIBRARY = "libc++";
				CLANG_ENABLE_MODULES = YES;
				CLANG_ENABLE_OBJC_ARC = YES;
				CLANG_WARN_BOOL_CONVERSION = YES;
				CLANG_WARN_CONSTANT_CONVERSION = YES;
				CLANG_WARN_DIRECT_OBJC_ISA_USAGE = YES_ERROR;
				CLANG_WARN_EMPTY_BODY = YES;
				CLANG_WARN_ENUM_CONVERSION = YES;
				CLANG_WARN_INT_CONVERSION = YES;
				CLANG_WARN_OBJC_ROOT_CLASS = YES_ERROR;
				CLANG_WARN_UNREACHABLE_CODE = YES;
				CLANG_WARN__DUPLICATE_METHOD_MATCH = YES;
				"CODE_SIGN_IDENTITY[sdk=iphoneos*]" = "iPhone Developer";
				COPY_PHASE_STRIP = NO;
				DEBUG_INFORMATION_FORMAT = "dwarf-with-dsym";
				ENABLE_NS_ASSERTIONS = NO;
				ENABLE_STRICT_OBJC_MSGSEND = YES;
				GCC_C_LANGUAGE_STANDARD = gnu99;
				GCC_NO_COMMON_BLOCKS = YES;
				GCC_WARN_64_TO_32_BIT_CONVERSION = YES;
				GCC_WARN_ABOUT_RETURN_TYPE = YES_ERROR;
				GCC_WARN_UNDECLARED_SELECTOR = YES;
				GCC_WARN_UNINITIALIZED_AUTOS = YES_AGGRESSIVE;
				GCC_WARN_UNUSED_FUNCTION = YES;
				GCC_WARN_UNUSED_VARIABLE = YES;
				IPHONEOS_DEPLOYMENT_TARGET = 9.1;
				MTL_ENABLE_DEBUG_INFO = NO;
				SDKROOT = iphoneos;
				VALIDATE_PRODUCT = YES;
			};
			name = Release;
		};
		935ECB391C0D4AAF00C177FC /* Debug */ = {
			isa = XCBuildConfiguration;
			baseConfigurationReference = CCFC7FFC655166E9B70426C3 /* Pods.debug.xcconfig */;
			buildSettings = {
				ASSETCATALOG_COMPILER_APPICON_NAME = AppIcon;
				INFOPLIST_FILE = PotStores/Info.plist;
				LD_RUNPATH_SEARCH_PATHS = "$(inherited) @executable_path/Frameworks";
				PRODUCT_BUNDLE_IDENTIFIER = ca.lighthouselabs.PotStores;
				PRODUCT_NAME = "$(TARGET_NAME)";
			};
			name = Debug;
		};
		935ECB3A1C0D4AAF00C177FC /* Release */ = {
			isa = XCBuildConfiguration;
			baseConfigurationReference = ECF27BC09B5524449F68B885 /* Pods.release.xcconfig */;
			buildSettings = {
				ASSETCATALOG_COMPILER_APPICON_NAME = AppIcon;
				INFOPLIST_FILE = PotStores/Info.plist;
				LD_RUNPATH_SEARCH_PATHS = "$(inherited) @executable_path/Frameworks";
				PRODUCT_BUNDLE_IDENTIFIER = ca.lighthouselabs.PotStores;
				PRODUCT_NAME = "$(TARGET_NAME)";
			};
			name = Release;
		};
		935ECB3C1C0D4AAF00C177FC /* Debug */ = {
			isa = XCBuildConfiguration;
			buildSettings = {
				BUNDLE_LOADER = "$(TEST_HOST)";
				INFOPLIST_FILE = PotStoresTests/Info.plist;
				LD_RUNPATH_SEARCH_PATHS = "$(inherited) @executable_path/Frameworks @loader_path/Frameworks";
				PRODUCT_BUNDLE_IDENTIFIER = ca.lighthouselabs.PotStoresTests;
				PRODUCT_NAME = "$(TARGET_NAME)";
				TEST_HOST = "$(BUILT_PRODUCTS_DIR)/PotStores.app/PotStores";
			};
			name = Debug;
		};
		935ECB3D1C0D4AAF00C177FC /* Release */ = {
			isa = XCBuildConfiguration;
			buildSettings = {
				BUNDLE_LOADER = "$(TEST_HOST)";
				INFOPLIST_FILE = PotStoresTests/Info.plist;
				LD_RUNPATH_SEARCH_PATHS = "$(inherited) @executable_path/Frameworks @loader_path/Frameworks";
				PRODUCT_BUNDLE_IDENTIFIER = ca.lighthouselabs.PotStoresTests;
				PRODUCT_NAME = "$(TARGET_NAME)";
				TEST_HOST = "$(BUILT_PRODUCTS_DIR)/PotStores.app/PotStores";
			};
			name = Release;
		};
		935ECB3F1C0D4AAF00C177FC /* Debug */ = {
			isa = XCBuildConfiguration;
			buildSettings = {
				INFOPLIST_FILE = PotStoresUITests/Info.plist;
				LD_RUNPATH_SEARCH_PATHS = "$(inherited) @executable_path/Frameworks @loader_path/Frameworks";
				PRODUCT_BUNDLE_IDENTIFIER = ca.lighthouselabs.PotStoresUITests;
				PRODUCT_NAME = "$(TARGET_NAME)";
				TEST_TARGET_NAME = PotStores;
				USES_XCTRUNNER = YES;
			};
			name = Debug;
		};
		935ECB401C0D4AAF00C177FC /* Release */ = {
			isa = XCBuildConfiguration;
			buildSettings = {
				INFOPLIST_FILE = PotStoresUITests/Info.plist;
				LD_RUNPATH_SEARCH_PATHS = "$(inherited) @executable_path/Frameworks @loader_path/Frameworks";
				PRODUCT_BUNDLE_IDENTIFIER = ca.lighthouselabs.PotStoresUITests;
				PRODUCT_NAME = "$(TARGET_NAME)";
				TEST_TARGET_NAME = PotStores;
				USES_XCTRUNNER = YES;
			};
			name = Release;
		};
/* End XCBuildConfiguration section */

/* Begin XCConfigurationList section */
		935ECB061C0D4AAE00C177FC /* Build configuration list for PBXProject "PotStores" */ = {
			isa = XCConfigurationList;
			buildConfigurations = (
				935ECB361C0D4AAF00C177FC /* Debug */,
				935ECB371C0D4AAF00C177FC /* Release */,
			);
			defaultConfigurationIsVisible = 0;
			defaultConfigurationName = Release;
		};
		935ECB381C0D4AAF00C177FC /* Build configuration list for PBXNativeTarget "PotStores" */ = {
			isa = XCConfigurationList;
			buildConfigurations = (
				935ECB391C0D4AAF00C177FC /* Debug */,
				935ECB3A1C0D4AAF00C177FC /* Release */,
			);
			defaultConfigurationIsVisible = 0;
			defaultConfigurationName = Release;
		};
		935ECB3B1C0D4AAF00C177FC /* Build configuration list for PBXNativeTarget "PotStoresTests" */ = {
			isa = XCConfigurationList;
			buildConfigurations = (
				935ECB3C1C0D4AAF00C177FC /* Debug */,
				935ECB3D1C0D4AAF00C177FC /* Release */,
			);
			defaultConfigurationIsVisible = 0;
			defaultConfigurationName = Release;
		};
		935ECB3E1C0D4AAF00C177FC /* Build configuration list for PBXNativeTarget "PotStoresUITests" */ = {
			isa = XCConfigurationList;
			buildConfigurations = (
				935ECB3F1C0D4AAF00C177FC /* Debug */,
				935ECB401C0D4AAF00C177FC /* Release */,
			);
			defaultConfigurationIsVisible = 0;
			defaultConfigurationName = Release;
		};
/* End XCConfigurationList section */
	};
	rootObject = 935ECB031C0D4AAE00C177FC /* Project object */;
}
